
Microsoft Visual Studio Solution File, Format Version 12.00
# Visual Studio Version 17
VisualStudioVersion = 17.7.34003.232
MinimumVisualStudioVersion = 10.0.40219.1
Project("{9A19103F-16F7-4668-BE54-9A1E7A4F7556}") = "DiscordStarRailBot", "DiscordStarRailBot\DiscordStarRailBot.csproj", "{50264832-1685-457C-A2E0-01A712BC8B5F}"
EndProject
Global
	GlobalSection(SolutionConfigurationPlatforms) = preSolution
		Debug_API|Any CPU = Debug_API|Any CPU
		Debug_Char_Data|Any CPU = Debug_Char_Data|Any CPU
		Debug|Any CPU = Debug|Any CPU
		Release|Any CPU = Release|Any CPU
	EndGlobalSection
	GlobalSection(ProjectConfigurationPlatforms) = postSolution
		{50264832-1685-457C-A2E0-01A712BC8B5F}.Debug_API|Any CPU.ActiveCfg = Debug_API|Any CPU
		{50264832-1685-457C-A2E0-01A712BC8B5F}.Debug_API|Any CPU.Build.0 = Debug_API|Any CPU
		{50264832-1685-457C-A2E0-01A712BC8B5F}.Debug_Char_Data|Any CPU.ActiveCfg = Debug_Char_Data|Any CPU
		{50264832-1685-457C-A2E0-01A712BC8B5F}.Debug_Char_Data|Any CPU.Build.0 = Debug_Char_Data|Any CPU
		{50264832-1685-457C-A2E0-01A712BC8B5F}.Debug|Any CPU.ActiveCfg = Debug|Any CPU
		{50264832-1685-457C-A2E0-01A712BC8B5F}.Debug|Any CPU.Build.0 = Debug|Any CPU
		{50264832-1685-457C-A2E0-01A712BC8B5F}.Release|Any CPU.ActiveCfg = Release|Any CPU
		{50264832-1685-457C-A2E0-01A712BC8B5F}.Release|Any CPU.Build.0 = Release|Any CPU
	EndGlobalSection
	GlobalSection(SolutionProperties) = preSolution
		HideSolutionNode = FALSE
	EndGlobalSection
	GlobalSection(ExtensibilityGlobals) = postSolution
		SolutionGuid = {09CE78B8-7FFD-4C8C-9DE9-88F663EED3FF}
	EndGlobalSection
EndGlobal
